Microsoft Visual Studio Solution File, Format Version 11.00
# Visual Studio 2008

Project("{FA7AC102-7C83-3FB8-58DF-FF282C7443F0}") = "Stupid", "Assembly-CSharp.csproj", "{ACD9F393-C8F9-275A-0BA6-AF10FEA792E9}"
EndProject
Project("{FA7AC102-7C83-3FB8-58DF-FF282C7443F0}") = "Stupid", "Assembly-CSharp-Editor.csproj", "{95940B65-A8D7-D460-E560-8155E84BFC27}"
EndProject
Global
	GlobalSection(SolutionConfigurationPlatforms) = preSolution
		Debug|Any CPU = Debug|Any CPU
		Release|Any CPU = Release|Any CPU
	EndGlobalSection
	GlobalSection(ProjectConfigurationPlatforms) = postSolution
		{ACD9F393-C8F9-275A-0BA6-AF10FEA792E9}.Debug|Any CPU.ActiveCfg = Debug|Any CPU
		{ACD9F393-C8F9-275A-0BA6-AF10FEA792E9}.Debug|Any CPU.Build.0 = Debug|Any CPU
		{ACD9F393-C8F9-275A-0BA6-AF10FEA792E9}.Release|Any CPU.ActiveCfg = Release|Any CPU
		{ACD9F393-C8F9-275A-0BA6-AF10FEA792E9}.Release|Any CPU.Build.0 = Release|Any CPU
		{95940B65-A8D7-D460-E560-8155E84BFC27}.Debug|Any CPU.ActiveCfg = Debug|Any CPU
		{95940B65-A8D7-D460-E560-8155E84BFC27}.Debug|Any CPU.Build.0 = Debug|Any CPU
		{95940B65-A8D7-D460-E560-8155E84BFC27}.Release|Any CPU.ActiveCfg = Release|Any CPU
		{95940B65-A8D7-D460-E560-8155E84BFC27}.Release|Any CPU.Build.0 = Release|Any CPU
	EndGlobalSection
	GlobalSection(SolutionProperties) = preSolution
		HideSolutionNode = FALSE
	EndGlobalSection
	GlobalSection(MonoDevelopProperties) = preSolution
		StartupItem = Assembly-CSharp.csproj
	EndGlobalSection
EndGlobal
